
Microsoft Visual Studio Solution File, Format Version 12.00
# Visual Studio Version 17
VisualStudioVersion = 17.14.36310.24 d17.14
MinimumVisualStudioVersion = 10.0.40219.1
Project("{FAE04EC0-301F-11D3-BF4B-00C04F79EFBC}") = "AssignmenyApp2", "AssignmenyApp2\AssignmenyApp2.csproj", "{C16930B8-2ABC-4998-8754-F4824FDEEC22}"
EndProject
Global
	GlobalSection(SolutionConfigurationPlatforms) = preSolution
		Debug|Any CPU = Debug|Any CPU
		Release|Any CPU = Release|Any CPU
	EndGlobalSection
	GlobalSection(ProjectConfigurationPlatforms) = postSolution
		{C16930B8-2ABC-4998-8754-F4824FDEEC22}.Debug|Any CPU.ActiveCfg = Debug|Any CPU
		{C16930B8-2ABC-4998-8754-F4824FDEEC22}.Debug|Any CPU.Build.0 = Debug|Any CPU
		{C16930B8-2ABC-4998-8754-F4824FDEEC22}.Release|Any CPU.ActiveCfg = Release|Any CPU
		{C16930B8-2ABC-4998-8754-F4824FDEEC22}.Release|Any CPU.Build.0 = Release|Any CPU
	EndGlobalSection
	GlobalSection(SolutionProperties) = preSolution
		HideSolutionNode = FALSE
	EndGlobalSection
	GlobalSection(ExtensibilityGlobals) = postSolution
		SolutionGuid = {59EA43B7-E816-4096-8281-53988CDAA753}
	EndGlobalSection
EndGlobal
